// !$*UTF8*$!
{
	archiveVersion = 1;
	classes = {
	};
	objectVersion = 46;
	objects = {

/* Begin PBXBuildFile section */
		1FD00B631E92E9F600065370 /* AppDelegate.swift in Sources */ = {isa = PBXBuildFile; fileRef = 1FD00B621E92E9F600065370 /* AppDelegate.swift */; };
		1FD00B681E92E9F600065370 /* Main.storyboard in Resources */ = {isa = PBXBuildFile; fileRef = 1FD00B661E92E9F600065370 /* Main.storyboard */; };
		1FD00B6B1E92E9F600065370 /* BookSwap.xcdatamodeld in Sources */ = {isa = PBXBuildFile; fileRef = 1FD00B691E92E9F600065370 /* BookSwap.xcdatamodeld */; };
		1FD00B6D1E92E9F600065370 /* Assets.xcassets in Resources */ = {isa = PBXBuildFile; fileRef = 1FD00B6C1E92E9F600065370 /* Assets.xcassets */; };
		1FD00B701E92E9F600065370 /* LaunchScreen.storyboard in Resources */ = {isa = PBXBuildFile; fileRef = 1FD00B6E1E92E9F600065370 /* LaunchScreen.storyboard */; };
		1FD00B781E956D6A00065370 /* MyBooksViewController.swift in Sources */ = {isa = PBXBuildFile; fileRef = 1FD00B771E956D6A00065370 /* MyBooksViewController.swift */; };
		1FD00B7A1E956DB500065370 /* MyBooksTableViewCell.swift in Sources */ = {isa = PBXBuildFile; fileRef = 1FD00B791E956DB500065370 /* MyBooksTableViewCell.swift */; };
/* End PBXBuildFile section */

/* Begin PBXFileReference section */
		1FD00B5F1E92E9F600065370 /* BookSwap.app */ = {isa = PBXFileReference; explicitFileType = wrapper.application; includeInIndex = 0; path = BookSwap.app; sourceTree = BUILT_PRODUCTS_DIR; };
		1FD00B621E92E9F600065370 /* AppDelegate.swift */ = {isa = PBXFileReference; lastKnownFileType = sourcecode.swift; path = AppDelegate.swift; sourceTree = "<group>"; };
		1FD00B671E92E9F600065370 /* Base */ = {isa = PBXFileReference; lastKnownFileType = file.storyboard; name = Base; path = Base.lproj/Main.storyboard; sourceTree = "<group>"; };
		1FD00B6A1E92E9F600065370 /* BookSwap.xcdatamodel */ = {isa = PBXFileReference; lastKnownFileType = wrapper.xcdatamodel; path = BookSwap.xcdatamodel; sourceTree = "<group>"; };
		1FD00B6C1E92E9F600065370 /* Assets.xcassets */ = {isa = PBXFileReference; lastKnownFileType = folder.assetcatalog; path = Assets.xcassets; sourceTree = "<group>"; };
		1FD00B6F1E92E9F600065370 /* Base */ = {isa = PBXFileReference; lastKnownFileType = file.storyboard; name = Base; path = Base.lproj/LaunchScreen.storyboard; sourceTree = "<group>"; };
		1FD00B711E92E9F600065370 /* Info.plist */ = {isa = PBXFileReference; lastKnownFileType = text.plist.xml; path = Info.plist; sourceTree = "<group>"; };
		1FD00B771E956D6A00065370 /* MyBooksViewController.swift */ = {isa = PBXFileReference; fileEncoding = 4; lastKnownFileType = sourcecode.swift; path = MyBooksViewController.swift; sourceTree = "<group>"; };
		1FD00B791E956DB500065370 /* MyBooksTableViewCell.swift */ = {isa = PBXFileReference; fileEncoding = 4; lastKnownFileType = sourcecode.swift; path = MyBooksTableViewCell.swift; sourceTree = "<group>"; };
/* End PBXFileReference section */

/* Begin PBXFrameworksBuildPhase section */
		1FD00B5C1E92E9F600065370 /* Frameworks */ = {
			isa = PBXFrameworksBuildPhase;
			buildActionMask = 2147483647;
			files = (
			);
			runOnlyForDeploymentPostprocessing = 0;
		};
/* End PBXFrameworksBuildPhase section */

/* Begin PBXGroup section */
		1FD00B561E92E9F600065370 = {
			isa = PBXGroup;
			children = (
				1FD00B611E92E9F600065370 /* BookSwap */,
				1FD00B601E92E9F600065370 /* Products */,
			);
			sourceTree = "<group>";
		};
		1FD00B601E92E9F600065370 /* Products */ = {
			isa = PBXGroup;
			children = (
				1FD00B5F1E92E9F600065370 /* BookSwap.app */,
			);
			name = Products;
			sourceTree = "<group>";
		};
		1FD00B611E92E9F600065370 /* BookSwap */ = {
			isa = PBXGroup;
			children = (
				1FD00B7B1E956DBA00065370 /* MyBooks */,
				1FD00B621E92E9F600065370 /* AppDelegate.swift */,
				1FD00B661E92E9F600065370 /* Main.storyboard */,
				1FD00B6C1E92E9F600065370 /* Assets.xcassets */,
				1FD00B6E1E92E9F600065370 /* LaunchScreen.storyboard */,
				1FD00B711E92E9F600065370 /* Info.plist */,
				1FD00B691E92E9F600065370 /* BookSwap.xcdatamodeld */,
			);
			path = BookSwap;
			sourceTree = "<group>";
		};
		1FD00B7B1E956DBA00065370 /* MyBooks */ = {
			isa = PBXGroup;
			children = (
				1FD00B771E956D6A00065370 /* MyBooksViewController.swift */,
				1FD00B791E956DB500065370 /* MyBooksTableViewCell.swift */,
			);
			name = MyBooks;
			sourceTree = "<group>";
		};
/* End PBXGroup section */

/* Begin PBXNativeTarget section */
		1FD00B5E1E92E9F600065370 /* BookSwap */ = {
			isa = PBXNativeTarget;
			buildConfigurationList = 1FD00B741E92E9F600065370 /* Build configuration list for PBXNativeTarget "BookSwap" */;
			buildPhases = (
				1FD00B5B1E92E9F600065370 /* Sources */,
				1FD00B5C1E92E9F600065370 /* Frameworks */,
				1FD00B5D1E92E9F600065370 /* Resources */,
			);
			buildRules = (
			);
			dependencies = (
			);
			name = BookSwap;
			productName = BookSwap;
			productReference = 1FD00B5F1E92E9F600065370 /* BookSwap.app */;
			productType = "com.apple.product-type.application";
		};
/* End PBXNativeTarget section */

/* Begin PBXProject section */
		1FD00B571E92E9F600065370 /* Project object */ = {
			isa = PBXProject;
			attributes = {
				LastSwiftUpdateCheck = 0820;
				LastUpgradeCheck = 0820;
				ORGANIZATIONNAME = "Jeffery Cui";
				TargetAttributes = {
					1FD00B5E1E92E9F600065370 = {
						CreatedOnToolsVersion = 8.2.1;
						DevelopmentTeam = YT2B2C86Y7;
						ProvisioningStyle = Automatic;
					};
				};
			};
			buildConfigurationList = 1FD00B5A1E92E9F600065370 /* Build configuration list for PBXProject "BookSwap" */;
			compatibilityVersion = "Xcode 3.2";
			developmentRegion = English;
			hasScannedForEncodings = 0;
			knownRegions = (
				en,
				Base,
			);
			mainGroup = 1FD00B561E92E9F600065370;
			productRefGroup = 1FD00B601E92E9F600065370 /* Products */;
			projectDirPath = "";
			projectRoot = "";
			targets = (
				1FD00B5E1E92E9F600065370 /* BookSwap */,
			);
		};
/* End PBXProject section */

/* Begin PBXResourcesBuildPhase section */
		1FD00B5D1E92E9F600065370 /* Resources */ = {
			isa = PBXResourcesBuildPhase;
			buildActionMask = 2147483647;
			files = (
				1FD00B701E92E9F600065370 /* LaunchScreen.storyboard in Resources */,
				1FD00B6D1E92E9F600065370 /* Assets.xcassets in Resources */,
				1FD00B681E92E9F600065370 /* Main.storyboard in Resources */,
			);
			runOnlyForDeploymentPostprocessing = 0;
		};
/* End PBXResourcesBuildPhase section */

/* Begin PBXSourcesBuildPhase section */
		1FD00B5B1E92E9F600065370 /* Sources */ = {
			isa = PBXSourcesBuildPhase;
			buildActionMask = 2147483647;
			files = (
				1FD00B7A1E956DB500065370 /* MyBooksTableViewCell.swift in Sources */,
				1FD00B781E956D6A00065370 /* MyBooksViewController.swift in Sources */,
				1FD00B6B1E92E9F600065370 /* BookSwap.xcdatamodeld in Sources */,
				1FD00B631E92E9F600065370 /* AppDelegate.swift in Sources */,
			);
			runOnlyForDeploymentPostprocessing = 0;
		};
/* End PBXSourcesBuildPhase section */

/* Begin PBXVariantGroup section */
		1FD00B661E92E9F600065370 /* Main.storyboard */ = {
			isa = PBXVariantGroup;
			children = (
				1FD00B671E92E9F600065370 /* Base */,
			);
			name = Main.storyboard;
			sourceTree = "<group>";
		};
		1FD00B6E1E92E9F600065370 /* LaunchScreen.storyboard */ = {
			isa = PBXVariantGroup;
			children = (
				1FD00B6F1E92E9F600065370 /* Base */,
			);
			name = LaunchScreen.storyboard;
			sourceTree = "<group>";
		};
/* End PBXVariantGroup section */

/* Begin XCBuildConfiguration section */
		1FD00B721E92E9F600065370 /* Debug */ = {
			isa = XCBuildConfiguration;
			buildSettings = {
				ALWAYS_SEARCH_USER_PATHS = NO;
				CLANG_ANALYZER_NONNULL = YES;
				CLANG_CXX_LANGUAGE_STANDARD = "gnu++0x";
				CLANG_CXX_LIBRARY = "libc++";
				CLANG_ENABLE_MODULES = YES;
				CLANG_ENABLE_OBJC_ARC = YES;
				CLANG_WARN_BOOL_CONVERSION = YES;
				CLANG_WARN_CONSTANT_CONVERSION = YES;
				CLANG_WARN_DIRECT_OBJC_ISA_USAGE = YES_ERROR;
				CLANG_WARN_DOCUMENTATION_COMMENTS = YES;
				CLANG_WARN_EMPTY_BODY = YES;
				CLANG_WARN_ENUM_CONVERSION = YES;
				CLANG_WARN_INFINITE_RECURSION = YES;
				CLANG_WARN_INT_CONVERSION = YES;
				CLANG_WARN_OBJC_ROOT_CLASS = YES_ERROR;
				CLANG_WARN_SUSPICIOUS_MOVE = YES;
				CLANG_WARN_UNREACHABLE_CODE = YES;
				CLANG_WARN__DUPLICATE_METHOD_MATCH = YES;
				"CODE_SIGN_IDENTITY[sdk=iphoneos*]" = "iPhone Developer";
				COPY_PHASE_STRIP = NO;
				DEBUG_INFORMATION_FORMAT = dwarf;
				ENABLE_STRICT_OBJC_MSGSEND = YES;
				ENABLE_TESTABILITY = YES;
				GCC_C_LANGUAGE_STANDARD = gnu99;
				GCC_DYNAMIC_NO_PIC = NO;
				GCC_NO_COMMON_BLOCKS = YES;
				GCC_OPTIMIZATION_LEVEL = 0;
				GCC_PREPROCESSOR_DEFINITIONS = (
					"DEBUG=1",
					"$(inherited)",
				);
				GCC_WARN_64_TO_32_BIT_CONVERSION = YES;
				GCC_WARN_ABOUT_RETURN_TYPE = YES_ERROR;
				GCC_WARN_UNDECLARED_SELECTOR = YES;
				GCC_WARN_UNINITIALIZED_AUTOS = YES_AGGRESSIVE;
				GCC_WARN_UNUSED_FUNCTION = YES;
				GCC_WARN_UNUSED_VARIABLE = YES;
				IPHONEOS_DEPLOYMENT_TARGET = 10.2;
				MTL_ENABLE_DEBUG_INFO = YES;
				ONLY_ACTIVE_ARCH = YES;
				SDKROOT = iphoneos;
				SWIFT_ACTIVE_COMPILATION_CONDITIONS = DEBUG;
				SWIFT_OPTIMIZATION_LEVEL = "-Onone";
			};
			name = Debug;
		};
		1FD00B731E92E9F600065370 /* Release */ = {
			isa = XCBuildConfiguration;
			buildSettings = {
				ALWAYS_SEARCH_USER_PATHS = NO;
				CLANG_ANALYZER_NONNULL = YES;
				CLANG_CXX_LANGUAGE_STANDARD = "gnu++0x";
				CLANG_CXX_LIBRARY = "libc++";
				CLANG_ENABLE_MODULES = YES;
				CLANG_ENABLE_OBJC_ARC = YES;
				CLANG_WARN_BOOL_CONVERSION = YES;
				CLANG_WARN_CONSTANT_CONVERSION = YES;
				CLANG_WARN_DIRECT_OBJC_ISA_USAGE = YES_ERROR;
				CLANG_WARN_DOCUMENTATION_COMMENTS = YES;
				CLANG_WARN_EMPTY_BODY = YES;
				CLANG_WARN_ENUM_CONVERSION = YES;
				CLANG_WARN_INFINITE_RECURSION = YES;
				CLANG_WARN_INT_CONVERSION = YES;
				CLANG_WARN_OBJC_ROOT_CLASS = YES_ERROR;
				CLANG_WARN_SUSPICIOUS_MOVE = YES;
				CLANG_WARN_UNREACHABLE_CODE = YES;
				CLANG_WARN__DUPLICATE_METHOD_MATCH = YES;
				"CODE_SIGN_IDENTITY[sdk=iphoneos*]" = "iPhone Developer";
				COPY_PHASE_STRIP = NO;
				DEBUG_INFORMATION_FORMAT = "dwarf-with-dsym";
				ENABLE_NS_ASSERTIONS = NO;
				ENABLE_STRICT_OBJC_MSGSEND = YES;
				GCC_C_LANGUAGE_STANDARD = gnu99;
				GCC_NO_COMMON_BLOCKS = YES;
				GCC_WARN_64_TO_32_BIT_CONVERSION = YES;
				GCC_WARN_ABOUT_RETURN_TYPE = YES_ERROR;
				GCC_WARN_UNDECLARED_SELECTOR = YES;
				GCC_WARN_UNINITIALIZED_AUTOS = YES_AGGRESSIVE;
				GCC_WARN_UNUSED_FUNCTION = YES;
				GCC_WARN_UNUSED_VARIABLE = YES;
				IPHONEOS_DEPLOYMENT_TARGET = 10.2;
				MTL_ENABLE_DEBUG_INFO = NO;
				SDKROOT = iphoneos;
				SWIFT_OPTIMIZATION_LEVEL = "-Owholemodule";
				VALIDATE_PRODUCT = YES;
			};
			name = Release;
		};
		1FD00B751E92E9F600065370 /* Debug */ = {
			isa = XCBuildConfiguration;
			buildSettings = {
				ASSETCATALOG_COMPILER_APPICON_NAME = AppIcon;
				DEVELOPMENT_TEAM = YT2B2C86Y7;
				INFOPLIST_FILE = BookSwap/Info.plist;
				LD_RUNPATH_SEARCH_PATHS = "$(inherited) @executable_path/Frameworks";
				PRODUCT_BUNDLE_IDENTIFIER = com.Cuiver.BookSwap;
				PRODUCT_NAME = "$(TARGET_NAME)";
				SWIFT_VERSION = 3.0;
			};
			name = Debug;
		};
		1FD00B761E92E9F600065370 /* Release */ = {
			isa = XCBuildConfiguration;
			buildSettings = {
				ASSETCATALOG_COMPILER_APPICON_NAME = AppIcon;
				DEVELOPMENT_TEAM = YT2B2C86Y7;
				INFOPLIST_FILE = BookSwap/Info.plist;
				LD_RUNPATH_SEARCH_PATHS = "$(inherited) @executable_path/Frameworks";
				PRODUCT_BUNDLE_IDENTIFIER = com.Cuiver.BookSwap;
				PRODUCT_NAME = "$(TARGET_NAME)";
				SWIFT_VERSION = 3.0;
			};
			name = Release;
		};
/* End XCBuildConfiguration section */

/* Begin XCConfigurationList section */
		1FD00B5A1E92E9F600065370 /* Build configuration list for PBXProject "BookSwap" */ = {
			isa = XCConfigurationList;
			buildConfigurations = (
				1FD00B721E92E9F600065370 /* Debug */,
				1FD00B731E92E9F600065370 /* Release */,
			);
			defaultConfigurationIsVisible = 0;
			defaultConfigurationName = Release;
		};
		1FD00B741E92E9F600065370 /* Build configuration list for PBXNativeTarget "BookSwap" */ = {
			isa = XCConfigurationList;
			buildConfigurations = (
				1FD00B751E92E9F600065370 /* Debug */,
				1FD00B761E92E9F600065370 /* Release */,
			);
			defaultConfigurationIsVisible = 0;
		};
/* End XCConfigurationList section */

/* Begin XCVersionGroup section */
		1FD00B691E92E9F600065370 /* BookSwap.xcdatamodeld */ = {
			isa = XCVersionGroup;
			children = (
				1FD00B6A1E92E9F600065370 /* BookSwap.xcdatamodel */,
			);
			currentVersion = 1FD00B6A1E92E9F600065370 /* BookSwap.xcdatamodel */;
			path = BookSwap.xcdatamodeld;
			sourceTree = "<group>";
			versionGroupType = wrapper.xcdatamodel;
		};
/* End XCVersionGroup section */
	};
	rootObject = 1FD00B571E92E9F600065370 /* Project object */;
}
