// !$*UTF8*$!
{
	archiveVersion = 1;
	classes = {
	};
	objectVersion = 46;
	objects = {

/* Begin PBXBuildFile section */
		1FFD35E11CAC9CB90067C78E /* AppDelegate.swift in Sources */ = {isa = PBXBuildFile; fileRef = 1FFD35E01CAC9CB90067C78E /* AppDelegate.swift */; };
		1FFD35E61CAC9CB90067C78E /* Main.storyboard in Resources */ = {isa = PBXBuildFile; fileRef = 1FFD35E41CAC9CB90067C78E /* Main.storyboard */; };
		1FFD35E91CAC9CB90067C78E /* BookSwap.xcdatamodeld in Sources */ = {isa = PBXBuildFile; fileRef = 1FFD35E71CAC9CB90067C78E /* BookSwap.xcdatamodeld */; };
		1FFD35EB1CAC9CB90067C78E /* Assets.xcassets in Resources */ = {isa = PBXBuildFile; fileRef = 1FFD35EA1CAC9CB90067C78E /* Assets.xcassets */; };
		1FFD35EE1CAC9CB90067C78E /* LaunchScreen.storyboard in Resources */ = {isa = PBXBuildFile; fileRef = 1FFD35EC1CAC9CB90067C78E /* LaunchScreen.storyboard */; };
		1FFD35F81CAC9E190067C78E /* FBSDKShareKit.framework in Frameworks */ = {isa = PBXBuildFile; fileRef = 1FFD35F51CAC9E190067C78E /* FBSDKShareKit.framework */; };
		1FFD35F91CAC9E190067C78E /* FBSDKLoginKit.framework in Frameworks */ = {isa = PBXBuildFile; fileRef = 1FFD35F61CAC9E190067C78E /* FBSDKLoginKit.framework */; };
		1FFD35FA1CAC9E190067C78E /* FBSDKCoreKit.framework in Frameworks */ = {isa = PBXBuildFile; fileRef = 1FFD35F71CAC9E190067C78E /* FBSDKCoreKit.framework */; };
		5246AAA31CB062C3009A5623 /* BuyCollectionViewController.swift in Sources */ = {isa = PBXBuildFile; fileRef = 5246AAA21CB062C3009A5623 /* BuyCollectionViewController.swift */; };
		5246AAA51CB06308009A5623 /* SellTableViewController.swift in Sources */ = {isa = PBXBuildFile; fileRef = 5246AAA41CB06308009A5623 /* SellTableViewController.swift */; };
		5246AAA71CB06329009A5623 /* SellTableViewCell.swift in Sources */ = {isa = PBXBuildFile; fileRef = 5246AAA61CB06329009A5623 /* SellTableViewCell.swift */; };
		5246AAA91CB0633A009A5623 /* BuyCollectionViewCell.swift in Sources */ = {isa = PBXBuildFile; fileRef = 5246AAA81CB0633A009A5623 /* BuyCollectionViewCell.swift */; };
		5246AAAD1CB06447009A5623 /* BuyDetailedViewController.swift in Sources */ = {isa = PBXBuildFile; fileRef = 5246AAAC1CB06447009A5623 /* BuyDetailedViewController.swift */; };
		5246AAAF1CB06461009A5623 /* SellInfoViewController.swift in Sources */ = {isa = PBXBuildFile; fileRef = 5246AAAE1CB06461009A5623 /* SellInfoViewController.swift */; };
		5246AAB11CB06477009A5623 /* SellSignInViewController.swift in Sources */ = {isa = PBXBuildFile; fileRef = 5246AAB01CB06477009A5623 /* SellSignInViewController.swift */; };
		5246AAB31CB065EC009A5623 /* Textbook.swift in Sources */ = {isa = PBXBuildFile; fileRef = 5246AAB21CB065EC009A5623 /* Textbook.swift */; };
/* End PBXBuildFile section */

/* Begin PBXFileReference section */
		1FFD35DD1CAC9CB90067C78E /* BookSwap.app */ = {isa = PBXFileReference; explicitFileType = wrapper.application; includeInIndex = 0; path = BookSwap.app; sourceTree = BUILT_PRODUCTS_DIR; };
		1FFD35E01CAC9CB90067C78E /* AppDelegate.swift */ = {isa = PBXFileReference; lastKnownFileType = sourcecode.swift; path = AppDelegate.swift; sourceTree = "<group>"; };
		1FFD35E51CAC9CB90067C78E /* Base */ = {isa = PBXFileReference; lastKnownFileType = file.storyboard; name = Base; path = Base.lproj/Main.storyboard; sourceTree = "<group>"; };
		1FFD35E81CAC9CB90067C78E /* BookSwap.xcdatamodel */ = {isa = PBXFileReference; lastKnownFileType = wrapper.xcdatamodel; path = BookSwap.xcdatamodel; sourceTree = "<group>"; };
		1FFD35EA1CAC9CB90067C78E /* Assets.xcassets */ = {isa = PBXFileReference; lastKnownFileType = folder.assetcatalog; path = Assets.xcassets; sourceTree = "<group>"; };
		1FFD35ED1CAC9CB90067C78E /* Base */ = {isa = PBXFileReference; lastKnownFileType = file.storyboard; name = Base; path = Base.lproj/LaunchScreen.storyboard; sourceTree = "<group>"; };
		1FFD35EF1CAC9CB90067C78E /* Info.plist */ = {isa = PBXFileReference; lastKnownFileType = text.plist.xml; path = Info.plist; sourceTree = "<group>"; };
		1FFD35F51CAC9E190067C78E /* FBSDKShareKit.framework */ = {isa = PBXFileReference; lastKnownFileType = wrapper.framework; path = FBSDKShareKit.framework; sourceTree = "<group>"; };
		1FFD35F61CAC9E190067C78E /* FBSDKLoginKit.framework */ = {isa = PBXFileReference; lastKnownFileType = wrapper.framework; path = FBSDKLoginKit.framework; sourceTree = "<group>"; };
		1FFD35F71CAC9E190067C78E /* FBSDKCoreKit.framework */ = {isa = PBXFileReference; lastKnownFileType = wrapper.framework; path = FBSDKCoreKit.framework; sourceTree = "<group>"; };
		5246AAA21CB062C3009A5623 /* BuyCollectionViewController.swift */ = {isa = PBXFileReference; fileEncoding = 4; lastKnownFileType = sourcecode.swift; path = BuyCollectionViewController.swift; sourceTree = "<group>"; };
		5246AAA41CB06308009A5623 /* SellTableViewController.swift */ = {isa = PBXFileReference; fileEncoding = 4; lastKnownFileType = sourcecode.swift; path = SellTableViewController.swift; sourceTree = "<group>"; };
		5246AAA61CB06329009A5623 /* SellTableViewCell.swift */ = {isa = PBXFileReference; fileEncoding = 4; lastKnownFileType = sourcecode.swift; path = SellTableViewCell.swift; sourceTree = "<group>"; };
		5246AAA81CB0633A009A5623 /* BuyCollectionViewCell.swift */ = {isa = PBXFileReference; fileEncoding = 4; lastKnownFileType = sourcecode.swift; path = BuyCollectionViewCell.swift; sourceTree = "<group>"; };
		5246AAAC1CB06447009A5623 /* BuyDetailedViewController.swift */ = {isa = PBXFileReference; fileEncoding = 4; lastKnownFileType = sourcecode.swift; path = BuyDetailedViewController.swift; sourceTree = "<group>"; };
		5246AAAE1CB06461009A5623 /* SellInfoViewController.swift */ = {isa = PBXFileReference; fileEncoding = 4; lastKnownFileType = sourcecode.swift; path = SellInfoViewController.swift; sourceTree = "<group>"; };
		5246AAB01CB06477009A5623 /* SellSignInViewController.swift */ = {isa = PBXFileReference; fileEncoding = 4; lastKnownFileType = sourcecode.swift; path = SellSignInViewController.swift; sourceTree = "<group>"; };
		5246AAB21CB065EC009A5623 /* Textbook.swift */ = {isa = PBXFileReference; fileEncoding = 4; lastKnownFileType = sourcecode.swift; path = Textbook.swift; sourceTree = "<group>"; };
/* End PBXFileReference section */

/* Begin PBXFrameworksBuildPhase section */
		1FFD35DA1CAC9CB90067C78E /* Frameworks */ = {
			isa = PBXFrameworksBuildPhase;
			buildActionMask = 2147483647;
			files = (
				1FFD35F91CAC9E190067C78E /* FBSDKLoginKit.framework in Frameworks */,
				1FFD35FA1CAC9E190067C78E /* FBSDKCoreKit.framework in Frameworks */,
				1FFD35F81CAC9E190067C78E /* FBSDKShareKit.framework in Frameworks */,
			);
			runOnlyForDeploymentPostprocessing = 0;
		};
/* End PBXFrameworksBuildPhase section */

/* Begin PBXGroup section */
		1FFD35D41CAC9CB80067C78E = {
			isa = PBXGroup;
			children = (
				1FFD35F51CAC9E190067C78E /* FBSDKShareKit.framework */,
				1FFD35F61CAC9E190067C78E /* FBSDKLoginKit.framework */,
				1FFD35F71CAC9E190067C78E /* FBSDKCoreKit.framework */,
				1FFD35DF1CAC9CB90067C78E /* BookSwap */,
				1FFD35DE1CAC9CB90067C78E /* Products */,
			);
			sourceTree = "<group>";
		};
		1FFD35DE1CAC9CB90067C78E /* Products */ = {
			isa = PBXGroup;
			children = (
				1FFD35DD1CAC9CB90067C78E /* BookSwap.app */,
			);
			name = Products;
			sourceTree = "<group>";
		};
		1FFD35DF1CAC9CB90067C78E /* BookSwap */ = {
			isa = PBXGroup;
			children = (
				5246AAAA1CB0634F009A5623 /* Buy */,
				5246AAAB1CB0637A009A5623 /* Sell */,
				1FFD35E01CAC9CB90067C78E /* AppDelegate.swift */,
				1FFD35E41CAC9CB90067C78E /* Main.storyboard */,
				1FFD35EA1CAC9CB90067C78E /* Assets.xcassets */,
				1FFD35EC1CAC9CB90067C78E /* LaunchScreen.storyboard */,
				1FFD35EF1CAC9CB90067C78E /* Info.plist */,
				1FFD35E71CAC9CB90067C78E /* BookSwap.xcdatamodeld */,
				5246AAB21CB065EC009A5623 /* Textbook.swift */,
			);
			path = BookSwap;
			sourceTree = "<group>";
		};
		5246AAAA1CB0634F009A5623 /* Buy */ = {
			isa = PBXGroup;
			children = (
				5246AAA21CB062C3009A5623 /* BuyCollectionViewController.swift */,
				5246AAA81CB0633A009A5623 /* BuyCollectionViewCell.swift */,
				5246AAAC1CB06447009A5623 /* BuyDetailedViewController.swift */,
			);
			name = Buy;
			sourceTree = "<group>";
		};
		5246AAAB1CB0637A009A5623 /* Sell */ = {
			isa = PBXGroup;
			children = (
				5246AAA41CB06308009A5623 /* SellTableViewController.swift */,
				5246AAA61CB06329009A5623 /* SellTableViewCell.swift */,
				5246AAAE1CB06461009A5623 /* SellInfoViewController.swift */,
				5246AAB01CB06477009A5623 /* SellSignInViewController.swift */,
			);
			name = Sell;
			sourceTree = "<group>";
		};
/* End PBXGroup section */

/* Begin PBXNativeTarget section */
		1FFD35DC1CAC9CB90067C78E /* BookSwap */ = {
			isa = PBXNativeTarget;
			buildConfigurationList = 1FFD35F21CAC9CB90067C78E /* Build configuration list for PBXNativeTarget "BookSwap" */;
			buildPhases = (
				1FFD35D91CAC9CB90067C78E /* Sources */,
				1FFD35DA1CAC9CB90067C78E /* Frameworks */,
				1FFD35DB1CAC9CB90067C78E /* Resources */,
			);
			buildRules = (
			);
			dependencies = (
			);
			name = BookSwap;
			productName = BookSwap;
			productReference = 1FFD35DD1CAC9CB90067C78E /* BookSwap.app */;
			productType = "com.apple.product-type.application";
		};
/* End PBXNativeTarget section */

/* Begin PBXProject section */
		1FFD35D51CAC9CB80067C78E /* Project object */ = {
			isa = PBXProject;
			attributes = {
				LastSwiftUpdateCheck = 0730;
				LastUpgradeCheck = 0730;
				ORGANIZATIONNAME = "Jeffery Cui";
				TargetAttributes = {
					1FFD35DC1CAC9CB90067C78E = {
						CreatedOnToolsVersion = 7.3;
						DevelopmentTeam = YT2B2C86Y7;
					};
				};
			};
			buildConfigurationList = 1FFD35D81CAC9CB80067C78E /* Build configuration list for PBXProject "BookSwap" */;
			compatibilityVersion = "Xcode 3.2";
			developmentRegion = English;
			hasScannedForEncodings = 0;
			knownRegions = (
				en,
				Base,
			);
			mainGroup = 1FFD35D41CAC9CB80067C78E;
			productRefGroup = 1FFD35DE1CAC9CB90067C78E /* Products */;
			projectDirPath = "";
			projectRoot = "";
			targets = (
				1FFD35DC1CAC9CB90067C78E /* BookSwap */,
			);
		};
/* End PBXProject section */

/* Begin PBXResourcesBuildPhase section */
		1FFD35DB1CAC9CB90067C78E /* Resources */ = {
			isa = PBXResourcesBuildPhase;
			buildActionMask = 2147483647;
			files = (
				1FFD35EE1CAC9CB90067C78E /* LaunchScreen.storyboard in Resources */,
				1FFD35EB1CAC9CB90067C78E /* Assets.xcassets in Resources */,
				1FFD35E61CAC9CB90067C78E /* Main.storyboard in Resources */,
			);
			runOnlyForDeploymentPostprocessing = 0;
		};
/* End PBXResourcesBuildPhase section */

/* Begin PBXSourcesBuildPhase section */
		1FFD35D91CAC9CB90067C78E /* Sources */ = {
			isa = PBXSourcesBuildPhase;
			buildActionMask = 2147483647;
			files = (
				1FFD35E91CAC9CB90067C78E /* BookSwap.xcdatamodeld in Sources */,
				5246AAAD1CB06447009A5623 /* BuyDetailedViewController.swift in Sources */,
				5246AAAF1CB06461009A5623 /* SellInfoViewController.swift in Sources */,
				5246AAA91CB0633A009A5623 /* BuyCollectionViewCell.swift in Sources */,
				5246AAA31CB062C3009A5623 /* BuyCollectionViewController.swift in Sources */,
				5246AAB11CB06477009A5623 /* SellSignInViewController.swift in Sources */,
				5246AAA71CB06329009A5623 /* SellTableViewCell.swift in Sources */,
				5246AAB31CB065EC009A5623 /* Textbook.swift in Sources */,
				1FFD35E11CAC9CB90067C78E /* AppDelegate.swift in Sources */,
				5246AAA51CB06308009A5623 /* SellTableViewController.swift in Sources */,
			);
			runOnlyForDeploymentPostprocessing = 0;
		};
/* End PBXSourcesBuildPhase section */

/* Begin PBXVariantGroup section */
		1FFD35E41CAC9CB90067C78E /* Main.storyboard */ = {
			isa = PBXVariantGroup;
			children = (
				1FFD35E51CAC9CB90067C78E /* Base */,
			);
			name = Main.storyboard;
			sourceTree = "<group>";
		};
		1FFD35EC1CAC9CB90067C78E /* LaunchScreen.storyboard */ = {
			isa = PBXVariantGroup;
			children = (
				1FFD35ED1CAC9CB90067C78E /* Base */,
			);
			name = LaunchScreen.storyboard;
			sourceTree = "<group>";
		};
/* End PBXVariantGroup section */

/* Begin XCBuildConfiguration section */
		1FFD35F01CAC9CB90067C78E /* Debug */ = {
			isa = XCBuildConfiguration;
			buildSettings = {
				ALWAYS_SEARCH_USER_PATHS = NO;
				CLANG_ANALYZER_NONNULL = YES;
				CLANG_CXX_LANGUAGE_STANDARD = "gnu++0x";
				CLANG_CXX_LIBRARY = "libc++";
				CLANG_ENABLE_MODULES = YES;
				CLANG_ENABLE_OBJC_ARC = YES;
				CLANG_WARN_BOOL_CONVERSION = YES;
				CLANG_WARN_CONSTANT_CONVERSION = YES;
				CLANG_WARN_DIRECT_OBJC_ISA_USAGE = YES_ERROR;
				CLANG_WARN_EMPTY_BODY = YES;
				CLANG_WARN_ENUM_CONVERSION = YES;
				CLANG_WARN_INT_CONVERSION = YES;
				CLANG_WARN_OBJC_ROOT_CLASS = YES_ERROR;
				CLANG_WARN_UNREACHABLE_CODE = YES;
				CLANG_WARN__DUPLICATE_METHOD_MATCH = YES;
				"CODE_SIGN_IDENTITY[sdk=iphoneos*]" = "iPhone Developer";
				COPY_PHASE_STRIP = NO;
				DEBUG_INFORMATION_FORMAT = dwarf;
				ENABLE_STRICT_OBJC_MSGSEND = YES;
				ENABLE_TESTABILITY = YES;
				GCC_C_LANGUAGE_STANDARD = gnu99;
				GCC_DYNAMIC_NO_PIC = NO;
				GCC_NO_COMMON_BLOCKS = YES;
				GCC_OPTIMIZATION_LEVEL = 0;
				GCC_PREPROCESSOR_DEFINITIONS = (
					"DEBUG=1",
					"$(inherited)",
				);
				GCC_WARN_64_TO_32_BIT_CONVERSION = YES;
				GCC_WARN_ABOUT_RETURN_TYPE = YES_ERROR;
				GCC_WARN_UNDECLARED_SELECTOR = YES;
				GCC_WARN_UNINITIALIZED_AUTOS = YES_AGGRESSIVE;
				GCC_WARN_UNUSED_FUNCTION = YES;
				GCC_WARN_UNUSED_VARIABLE = YES;
				IPHONEOS_DEPLOYMENT_TARGET = 9.3;
				MTL_ENABLE_DEBUG_INFO = YES;
				ONLY_ACTIVE_ARCH = YES;
				SDKROOT = iphoneos;
				SWIFT_OPTIMIZATION_LEVEL = "-Onone";
			};
			name = Debug;
		};
		1FFD35F11CAC9CB90067C78E /* Release */ = {
			isa = XCBuildConfiguration;
			buildSettings = {
				ALWAYS_SEARCH_USER_PATHS = NO;
				CLANG_ANALYZER_NONNULL = YES;
				CLANG_CXX_LANGUAGE_STANDARD = "gnu++0x";
				CLANG_CXX_LIBRARY = "libc++";
				CLANG_ENABLE_MODULES = YES;
				CLANG_ENABLE_OBJC_ARC = YES;
				CLANG_WARN_BOOL_CONVERSION = YES;
				CLANG_WARN_CONSTANT_CONVERSION = YES;
				CLANG_WARN_DIRECT_OBJC_ISA_USAGE = YES_ERROR;
				CLANG_WARN_EMPTY_BODY = YES;
				CLANG_WARN_ENUM_CONVERSION = YES;
				CLANG_WARN_INT_CONVERSION = YES;
				CLANG_WARN_OBJC_ROOT_CLASS = YES_ERROR;
				CLANG_WARN_UNREACHABLE_CODE = YES;
				CLANG_WARN__DUPLICATE_METHOD_MATCH = YES;
				"CODE_SIGN_IDENTITY[sdk=iphoneos*]" = "iPhone Developer";
				COPY_PHASE_STRIP = NO;
				DEBUG_INFORMATION_FORMAT = "dwarf-with-dsym";
				ENABLE_NS_ASSERTIONS = NO;
				ENABLE_STRICT_OBJC_MSGSEND = YES;
				GCC_C_LANGUAGE_STANDARD = gnu99;
				GCC_NO_COMMON_BLOCKS = YES;
				GCC_WARN_64_TO_32_BIT_CONVERSION = YES;
				GCC_WARN_ABOUT_RETURN_TYPE = YES_ERROR;
				GCC_WARN_UNDECLARED_SELECTOR = YES;
				GCC_WARN_UNINITIALIZED_AUTOS = YES_AGGRESSIVE;
				GCC_WARN_UNUSED_FUNCTION = YES;
				GCC_WARN_UNUSED_VARIABLE = YES;
				IPHONEOS_DEPLOYMENT_TARGET = 9.3;
				MTL_ENABLE_DEBUG_INFO = NO;
				SDKROOT = iphoneos;
				VALIDATE_PRODUCT = YES;
			};
			name = Release;
		};
		1FFD35F31CAC9CB90067C78E /* Debug */ = {
			isa = XCBuildConfiguration;
			buildSettings = {
				ASSETCATALOG_COMPILER_APPICON_NAME = AppIcon;
				CODE_SIGN_IDENTITY = "iPhone Developer";
				"CODE_SIGN_IDENTITY[sdk=iphoneos*]" = "iPhone Developer";
				FRAMEWORK_SEARCH_PATHS = (
					"$(inherited)",
					"$(PROJECT_DIR)",
				);
				INFOPLIST_FILE = BookSwap/Info.plist;
				LD_RUNPATH_SEARCH_PATHS = "$(inherited) @executable_path/Frameworks";
				PRODUCT_BUNDLE_IDENTIFIER = com.Cuiver.BookSwap;
				PRODUCT_NAME = "$(TARGET_NAME)";
				PROVISIONING_PROFILE = "";
			};
			name = Debug;
		};
		1FFD35F41CAC9CB90067C78E /* Release */ = {
			isa = XCBuildConfiguration;
			buildSettings = {
				ASSETCATALOG_COMPILER_APPICON_NAME = AppIcon;
				CODE_SIGN_IDENTITY = "iPhone Developer";
				"CODE_SIGN_IDENTITY[sdk=iphoneos*]" = "iPhone Developer";
				FRAMEWORK_SEARCH_PATHS = (
					"$(inherited)",
					"$(PROJECT_DIR)",
				);
				INFOPLIST_FILE = BookSwap/Info.plist;
				LD_RUNPATH_SEARCH_PATHS = "$(inherited) @executable_path/Frameworks";
				PRODUCT_BUNDLE_IDENTIFIER = com.Cuiver.BookSwap;
				PRODUCT_NAME = "$(TARGET_NAME)";
				PROVISIONING_PROFILE = "";
			};
			name = Release;
		};
/* End XCBuildConfiguration section */

/* Begin XCConfigurationList section */
		1FFD35D81CAC9CB80067C78E /* Build configuration list for PBXProject "BookSwap" */ = {
			isa = XCConfigurationList;
			buildConfigurations = (
				1FFD35F01CAC9CB90067C78E /* Debug */,
				1FFD35F11CAC9CB90067C78E /* Release */,
			);
			defaultConfigurationIsVisible = 0;
			defaultConfigurationName = Release;
		};
		1FFD35F21CAC9CB90067C78E /* Build configuration list for PBXNativeTarget "BookSwap" */ = {
			isa = XCConfigurationList;
			buildConfigurations = (
				1FFD35F31CAC9CB90067C78E /* Debug */,
				1FFD35F41CAC9CB90067C78E /* Release */,
			);
			defaultConfigurationIsVisible = 0;
			defaultConfigurationName = Release;
		};
/* End XCConfigurationList section */

/* Begin XCVersionGroup section */
		1FFD35E71CAC9CB90067C78E /* BookSwap.xcdatamodeld */ = {
			isa = XCVersionGroup;
			children = (
				1FFD35E81CAC9CB90067C78E /* BookSwap.xcdatamodel */,
			);
			currentVersion = 1FFD35E81CAC9CB90067C78E /* BookSwap.xcdatamodel */;
			path = BookSwap.xcdatamodeld;
			sourceTree = "<group>";
			versionGroupType = wrapper.xcdatamodel;
		};
/* End XCVersionGroup section */
	};
	rootObject = 1FFD35D51CAC9CB80067C78E /* Project object */;
}
